
Microsoft Visual Studio Solution File, Format Version 12.00
# Visual Studio 15
VisualStudioVersion = 15.0.27004.2009
MinimumVisualStudioVersion = 10.0.40219.1
Project("{2150E333-8FDC-42A3-9474-1A3956D46DE8}") = "Solution Items", "Solution Items", "{39A17321-4236-49C2-8A85-4D7E7586B712}"
	ProjectSection(SolutionItems) = preProject
		Login Page.html = Login Page.html
	EndProjectSection
EndProject
Global
	GlobalSection(SolutionProperties) = preSolution
		HideSolutionNode = FALSE
	EndGlobalSection
	GlobalSection(ExtensibilityGlobals) = postSolution
		SolutionGuid = {81B7C3C0-6A4F-467E-82C5-0C293C5E5FCA}
	EndGlobalSection
EndGlobal
